
Microsoft Visual Studio Solution File, Format Version 12.00
# Visual Studio Version 17
VisualStudioVersion = 17.3.32804.467
MinimumVisualStudioVersion = 10.0.40219.1
Project("{FAE04EC0-301F-11D3-BF4B-00C04F79EFBC}") = "ScientificCalculator", "ScientificCalculator\ScientificCalculator.csproj", "{3AC8CFC4-1BE5-43ED-8811-646811EAED3B}"
EndProject
Global
	GlobalSection(SolutionConfigurationPlatforms) = preSolution
		Debug|Any CPU = Debug|Any CPU
		Release|Any CPU = Release|Any CPU
	EndGlobalSection
	GlobalSection(ProjectConfigurationPlatforms) = postSolution
		{3AC8CFC4-1BE5-43ED-8811-646811EAED3B}.Debug|Any CPU.ActiveCfg = Debug|Any CPU
		{3AC8CFC4-1BE5-43ED-8811-646811EAED3B}.Debug|Any CPU.Build.0 = Debug|Any CPU
		{3AC8CFC4-1BE5-43ED-8811-646811EAED3B}.Release|Any CPU.ActiveCfg = Release|Any CPU
		{3AC8CFC4-1BE5-43ED-8811-646811EAED3B}.Release|Any CPU.Build.0 = Release|Any CPU
	EndGlobalSection
	GlobalSection(SolutionProperties) = preSolution
		HideSolutionNode = FALSE
	EndGlobalSection
	GlobalSection(ExtensibilityGlobals) = postSolution
		SolutionGuid = {0EB72181-B38A-4120-9912-18AD1067B807}
	EndGlobalSection
EndGlobal
